
Microsoft Visual Studio Solution File, Format Version 11.00
# Visual Studio 2010
Project("{FAE04EC0-301F-11D3-BF4B-00C04F79EFBC}") = "SampleApplication.Web.Ui", "SampleApplication.Web.Ui\SampleApplication.Web.Ui.csproj", "{AEF95152-9507-4F3E-ABE3-E72D6A124442}"
EndProject
Global
	GlobalSection(SolutionConfigurationPlatforms) = preSolution
		Debug|Any CPU = Debug|Any CPU
		Release|Any CPU = Release|Any CPU
	EndGlobalSection
	GlobalSection(ProjectConfigurationPlatforms) = postSolution
		{AEF95152-9507-4F3E-ABE3-E72D6A124442}.Debug|Any CPU.ActiveCfg = Debug|Any CPU
		{AEF95152-9507-4F3E-ABE3-E72D6A124442}.Debug|Any CPU.Build.0 = Debug|Any CPU
		{AEF95152-9507-4F3E-ABE3-E72D6A124442}.Release|Any CPU.ActiveCfg = Release|Any CPU
		{AEF95152-9507-4F3E-ABE3-E72D6A124442}.Release|Any CPU.Build.0 = Release|Any CPU
	EndGlobalSection
	GlobalSection(SolutionProperties) = preSolution
		HideSolutionNode = FALSE
	EndGlobalSection
EndGlobal
